// !$*UTF8*$!
{
	archiveVersion = 1;
	classes = {
	};
	objectVersion = 50;
	objects = {

/* Begin PBXBuildFile section */
		211B08C921843591004FB1FF /* AppDelegate.swift in Sources */ = {isa = PBXBuildFile; fileRef = 211B08C821843591004FB1FF /* AppDelegate.swift */; };
		211B08CB21843591004FB1FF /* ViewController.swift in Sources */ = {isa = PBXBuildFile; fileRef = 211B08CA21843591004FB1FF /* ViewController.swift */; };
		211B08CE21843591004FB1FF /* Main.storyboard in Resources */ = {isa = PBXBuildFile; fileRef = 211B08CC21843591004FB1FF /* Main.storyboard */; };
		211B08D021843592004FB1FF /* Assets.xcassets in Resources */ = {isa = PBXBuildFile; fileRef = 211B08CF21843592004FB1FF /* Assets.xcassets */; };
		211B08D321843592004FB1FF /* LaunchScreen.storyboard in Resources */ = {isa = PBXBuildFile; fileRef = 211B08D121843592004FB1FF /* LaunchScreen.storyboard */; };
		211B08DB218435C1004FB1FF /* README.md in Resources */ = {isa = PBXBuildFile; fileRef = 211B08DA218435C1004FB1FF /* README.md */; };
		211B08DD218436AF004FB1FF /* .gitignore in Resources */ = {isa = PBXBuildFile; fileRef = 211B08DC218436AF004FB1FF /* .gitignore */; };
		7E625720504E8AABECEAFE35 /* Pods_blue_bucks_diner.framework in Frameworks */ = {isa = PBXBuildFile; fileRef = DD5A488561176315CC61BB33 /* Pods_blue_bucks_diner.framework */; };
/* End PBXBuildFile section */

/* Begin PBXFileReference section */
		211B08C521843591004FB1FF /* blue-bucks-diner.app */ = {isa = PBXFileReference; explicitFileType = wrapper.application; includeInIndex = 0; path = "blue-bucks-diner.app"; sourceTree = BUILT_PRODUCTS_DIR; };
		211B08C821843591004FB1FF /* AppDelegate.swift */ = {isa = PBXFileReference; lastKnownFileType = sourcecode.swift; path = AppDelegate.swift; sourceTree = "<group>"; };
		211B08CA21843591004FB1FF /* ViewController.swift */ = {isa = PBXFileReference; lastKnownFileType = sourcecode.swift; path = ViewController.swift; sourceTree = "<group>"; };
		211B08CD21843591004FB1FF /* Base */ = {isa = PBXFileReference; lastKnownFileType = file.storyboard; name = Base; path = Base.lproj/Main.storyboard; sourceTree = "<group>"; };
		211B08CF21843592004FB1FF /* Assets.xcassets */ = {isa = PBXFileReference; lastKnownFileType = folder.assetcatalog; path = Assets.xcassets; sourceTree = "<group>"; };
		211B08D221843592004FB1FF /* Base */ = {isa = PBXFileReference; lastKnownFileType = file.storyboard; name = Base; path = Base.lproj/LaunchScreen.storyboard; sourceTree = "<group>"; };
		211B08D421843592004FB1FF /* Info.plist */ = {isa = PBXFileReference; lastKnownFileType = text.plist.xml; path = Info.plist; sourceTree = "<group>"; };
		211B08DA218435C1004FB1FF /* README.md */ = {isa = PBXFileReference; fileEncoding = 4; lastKnownFileType = net.daringfireball.markdown; path = README.md; sourceTree = "<group>"; };
		211B08DC218436AF004FB1FF /* .gitignore */ = {isa = PBXFileReference; fileEncoding = 4; lastKnownFileType = text; path = .gitignore; sourceTree = "<group>"; };
		2F9C9C867C41288B92299137 /* Pods-blue-bucks-diner.release.xcconfig */ = {isa = PBXFileReference; includeInIndex = 1; lastKnownFileType = text.xcconfig; name = "Pods-blue-bucks-diner.release.xcconfig"; path = "Pods/Target Support Files/Pods-blue-bucks-diner/Pods-blue-bucks-diner.release.xcconfig"; sourceTree = "<group>"; };
		DD5A488561176315CC61BB33 /* Pods_blue_bucks_diner.framework */ = {isa = PBXFileReference; explicitFileType = wrapper.framework; includeInIndex = 0; path = Pods_blue_bucks_diner.framework; sourceTree = BUILT_PRODUCTS_DIR; };
		FF1B76E6FFFEBC1D4552EE3A /* Pods-blue-bucks-diner.debug.xcconfig */ = {isa = PBXFileReference; includeInIndex = 1; lastKnownFileType = text.xcconfig; name = "Pods-blue-bucks-diner.debug.xcconfig"; path = "Pods/Target Support Files/Pods-blue-bucks-diner/Pods-blue-bucks-diner.debug.xcconfig"; sourceTree = "<group>"; };
/* End PBXFileReference section */

/* Begin PBXFrameworksBuildPhase section */
		211B08C221843591004FB1FF /* Frameworks */ = {
			isa = PBXFrameworksBuildPhase;
			buildActionMask = 2147483647;
			files = (
				7E625720504E8AABECEAFE35 /* Pods_blue_bucks_diner.framework in Frameworks */,
			);
			runOnlyForDeploymentPostprocessing = 0;
		};
/* End PBXFrameworksBuildPhase section */

/* Begin PBXGroup section */
		211B08BC21843591004FB1FF = {
			isa = PBXGroup;
			children = (
				211B08DA218435C1004FB1FF /* README.md */,
				211B08DC218436AF004FB1FF /* .gitignore */,
				211B08C721843591004FB1FF /* blue-bucks-diner */,
				211B08C621843591004FB1FF /* Products */,
				CA3CE072B995A519F1124754 /* Pods */,
				2BCF232D8A42C1A9E2E2CD69 /* Frameworks */,
			);
			sourceTree = "<group>";
		};
		211B08C621843591004FB1FF /* Products */ = {
			isa = PBXGroup;
			children = (
				211B08C521843591004FB1FF /* blue-bucks-diner.app */,
			);
			name = Products;
			sourceTree = "<group>";
		};
		211B08C721843591004FB1FF /* blue-bucks-diner */ = {
			isa = PBXGroup;
			children = (
				211B08C821843591004FB1FF /* AppDelegate.swift */,
				211B08CA21843591004FB1FF /* ViewController.swift */,
				211B08CC21843591004FB1FF /* Main.storyboard */,
				211B08CF21843592004FB1FF /* Assets.xcassets */,
				211B08D121843592004FB1FF /* LaunchScreen.storyboard */,
				211B08D421843592004FB1FF /* Info.plist */,
			);
			path = "blue-bucks-diner";
			sourceTree = "<group>";
		};
		2BCF232D8A42C1A9E2E2CD69 /* Frameworks */ = {
			isa = PBXGroup;
			children = (
				DD5A488561176315CC61BB33 /* Pods_blue_bucks_diner.framework */,
			);
			name = Frameworks;
			sourceTree = "<group>";
		};
		CA3CE072B995A519F1124754 /* Pods */ = {
			isa = PBXGroup;
			children = (
				FF1B76E6FFFEBC1D4552EE3A /* Pods-blue-bucks-diner.debug.xcconfig */,
				2F9C9C867C41288B92299137 /* Pods-blue-bucks-diner.release.xcconfig */,
			);
			name = Pods;
			sourceTree = "<group>";
		};
/* End PBXGroup section */

/* Begin PBXNativeTarget section */
		211B08C421843591004FB1FF /* blue-bucks-diner */ = {
			isa = PBXNativeTarget;
			buildConfigurationList = 211B08D721843592004FB1FF /* Build configuration list for PBXNativeTarget "blue-bucks-diner" */;
			buildPhases = (
				EA98BE560FF0B79649B5FDA1 /* [CP] Check Pods Manifest.lock */,
				211B08C121843591004FB1FF /* Sources */,
				211B08C221843591004FB1FF /* Frameworks */,
				211B08C321843591004FB1FF /* Resources */,
				D53F7F5D7B668F4E708CB54C /* [CP] Embed Pods Frameworks */,
			);
			buildRules = (
			);
			dependencies = (
			);
			name = "blue-bucks-diner";
			productName = "blue-bucks-diner";
			productReference = 211B08C521843591004FB1FF /* blue-bucks-diner.app */;
			productType = "com.apple.product-type.application";
		};
/* End PBXNativeTarget section */

/* Begin PBXProject section */
		211B08BD21843591004FB1FF /* Project object */ = {
			isa = PBXProject;
			attributes = {
				LastSwiftUpdateCheck = 1000;
				LastUpgradeCheck = 1000;
				ORGANIZATIONNAME = "Shaung Cheng";
				TargetAttributes = {
					211B08C421843591004FB1FF = {
						CreatedOnToolsVersion = 10.0;
					};
				};
			};
			buildConfigurationList = 211B08C021843591004FB1FF /* Build configuration list for PBXProject "blue-bucks-diner" */;
			compatibilityVersion = "Xcode 9.3";
			developmentRegion = en;
			hasScannedForEncodings = 0;
			knownRegions = (
				en,
				Base,
			);
			mainGroup = 211B08BC21843591004FB1FF;
			productRefGroup = 211B08C621843591004FB1FF /* Products */;
			projectDirPath = "";
			projectRoot = "";
			targets = (
				211B08C421843591004FB1FF /* blue-bucks-diner */,
			);
		};
/* End PBXProject section */

/* Begin PBXResourcesBuildPhase section */
		211B08C321843591004FB1FF /* Resources */ = {
			isa = PBXResourcesBuildPhase;
			buildActionMask = 2147483647;
			files = (
				211B08DD218436AF004FB1FF /* .gitignore in Resources */,
				211B08D321843592004FB1FF /* LaunchScreen.storyboard in Resources */,
				211B08D021843592004FB1FF /* Assets.xcassets in Resources */,
				211B08DB218435C1004FB1FF /* README.md in Resources */,
				211B08CE21843591004FB1FF /* Main.storyboard in Resources */,
			);
			runOnlyForDeploymentPostprocessing = 0;
		};
/* End PBXResourcesBuildPhase section */

/* Begin PBXShellScriptBuildPhase section */
		D53F7F5D7B668F4E708CB54C /* [CP] Embed Pods Frameworks */ = {
			isa = PBXShellScriptBuildPhase;
			buildActionMask = 2147483647;
			files = (
			);
			inputFileListPaths = (
			);
			inputPaths = (
				"${SRCROOT}/Pods/Target Support Files/Pods-blue-bucks-diner/Pods-blue-bucks-diner-frameworks.sh",
				"${BUILT_PRODUCTS_DIR}/MDFInternationalization/MDFInternationalization.framework",
				"${BUILT_PRODUCTS_DIR}/MDFTextAccessibility/MDFTextAccessibility.framework",
				"${BUILT_PRODUCTS_DIR}/MaterialComponents/MaterialComponents.framework",
			);
			name = "[CP] Embed Pods Frameworks";
			outputFileListPaths = (
			);
			outputPaths = (
				"${TARGET_BUILD_DIR}/${FRAMEWORKS_FOLDER_PATH}/MDFInternationalization.framework",
				"${TARGET_BUILD_DIR}/${FRAMEWORKS_FOLDER_PATH}/MDFTextAccessibility.framework",
				"${TARGET_BUILD_DIR}/${FRAMEWORKS_FOLDER_PATH}/MaterialComponents.framework",
			);
			runOnlyForDeploymentPostprocessing = 0;
			shellPath = /bin/sh;
			shellScript = "\"${SRCROOT}/Pods/Target Support Files/Pods-blue-bucks-diner/Pods-blue-bucks-diner-frameworks.sh\"\n";
			showEnvVarsInLog = 0;
		};
		EA98BE560FF0B79649B5FDA1 /* [CP] Check Pods Manifest.lock */ = {
			isa = PBXShellScriptBuildPhase;
			buildActionMask = 2147483647;
			files = (
			);
			inputFileListPaths = (
			);
			inputPaths = (
				"${PODS_PODFILE_DIR_PATH}/Podfile.lock",
				"${PODS_ROOT}/Manifest.lock",
			);
			name = "[CP] Check Pods Manifest.lock";
			outputFileListPaths = (
			);
			outputPaths = (
				"$(DERIVED_FILE_DIR)/Pods-blue-bucks-diner-checkManifestLockResult.txt",
			);
			runOnlyForDeploymentPostprocessing = 0;
			shellPath = /bin/sh;
			shellScript = "diff \"${PODS_PODFILE_DIR_PATH}/Podfile.lock\" \"${PODS_ROOT}/Manifest.lock\" > /dev/null\nif [ $? != 0 ] ; then\n    # print error to STDERR\n    echo \"error: The sandbox is not in sync with the Podfile.lock. Run 'pod install' or update your CocoaPods installation.\" >&2\n    exit 1\nfi\n# This output is used by Xcode 'outputs' to avoid re-running this script phase.\necho \"SUCCESS\" > \"${SCRIPT_OUTPUT_FILE_0}\"\n";
			showEnvVarsInLog = 0;
		};
/* End PBXShellScriptBuildPhase section */

/* Begin PBXSourcesBuildPhase section */
		211B08C121843591004FB1FF /* Sources */ = {
			isa = PBXSourcesBuildPhase;
			buildActionMask = 2147483647;
			files = (
				211B08CB21843591004FB1FF /* ViewController.swift in Sources */,
				211B08C921843591004FB1FF /* AppDelegate.swift in Sources */,
			);
			runOnlyForDeploymentPostprocessing = 0;
		};
/* End PBXSourcesBuildPhase section */

/* Begin PBXVariantGroup section */
		211B08CC21843591004FB1FF /* Main.storyboard */ = {
			isa = PBXVariantGroup;
			children = (
				211B08CD21843591004FB1FF /* Base */,
			);
			name = Main.storyboard;
			sourceTree = "<group>";
		};
		211B08D121843592004FB1FF /* LaunchScreen.storyboard */ = {
			isa = PBXVariantGroup;
			children = (
				211B08D221843592004FB1FF /* Base */,
			);
			name = LaunchScreen.storyboard;
			sourceTree = "<group>";
		};
/* End PBXVariantGroup section */

/* Begin XCBuildConfiguration section */
		211B08D521843592004FB1FF /* Debug */ = {
			isa = XCBuildConfiguration;
			buildSettings = {
				ALWAYS_SEARCH_USER_PATHS = NO;
				CLANG_ANALYZER_NONNULL = YES;
				CLANG_ANALYZER_NUMBER_OBJECT_CONVERSION = YES_AGGRESSIVE;
				CLANG_CXX_LANGUAGE_STANDARD = "gnu++14";
				CLANG_CXX_LIBRARY = "libc++";
				CLANG_ENABLE_MODULES = YES;
				CLANG_ENABLE_OBJC_ARC = YES;
				CLANG_ENABLE_OBJC_WEAK = YES;
				CLANG_WARN_BLOCK_CAPTURE_AUTORELEASING = YES;
				CLANG_WARN_BOOL_CONVERSION = YES;
				CLANG_WARN_COMMA = YES;
				CLANG_WARN_CONSTANT_CONVERSION = YES;
				CLANG_WARN_DEPRECATED_OBJC_IMPLEMENTATIONS = YES;
				CLANG_WARN_DIRECT_OBJC_ISA_USAGE = YES_ERROR;
				CLANG_WARN_DOCUMENTATION_COMMENTS = YES;
				CLANG_WARN_EMPTY_BODY = YES;
				CLANG_WARN_ENUM_CONVERSION = YES;
				CLANG_WARN_INFINITE_RECURSION = YES;
				CLANG_WARN_INT_CONVERSION = YES;
				CLANG_WARN_NON_LITERAL_NULL_CONVERSION = YES;
				CLANG_WARN_OBJC_IMPLICIT_RETAIN_SELF = YES;
				CLANG_WARN_OBJC_LITERAL_CONVERSION = YES;
				CLANG_WARN_OBJC_ROOT_CLASS = YES_ERROR;
				CLANG_WARN_RANGE_LOOP_ANALYSIS = YES;
				CLANG_WARN_STRICT_PROTOTYPES = YES;
				CLANG_WARN_SUSPICIOUS_MOVE = YES;
				CLANG_WARN_UNGUARDED_AVAILABILITY = YES_AGGRESSIVE;
				CLANG_WARN_UNREACHABLE_CODE = YES;
				CLANG_WARN__DUPLICATE_METHOD_MATCH = YES;
				CODE_SIGN_IDENTITY = "iPhone Developer";
				COPY_PHASE_STRIP = NO;
				DEBUG_INFORMATION_FORMAT = dwarf;
				ENABLE_STRICT_OBJC_MSGSEND = YES;
				ENABLE_TESTABILITY = YES;
				GCC_C_LANGUAGE_STANDARD = gnu11;
				GCC_DYNAMIC_NO_PIC = NO;
				GCC_NO_COMMON_BLOCKS = YES;
				GCC_OPTIMIZATION_LEVEL = 0;
				GCC_PREPROCESSOR_DEFINITIONS = (
					"DEBUG=1",
					"$(inherited)",
				);
				GCC_WARN_64_TO_32_BIT_CONVERSION = YES;
				GCC_WARN_ABOUT_RETURN_TYPE = YES_ERROR;
				GCC_WARN_UNDECLARED_SELECTOR = YES;
				GCC_WARN_UNINITIALIZED_AUTOS = YES_AGGRESSIVE;
				GCC_WARN_UNUSED_FUNCTION = YES;
				GCC_WARN_UNUSED_VARIABLE = YES;
				IPHONEOS_DEPLOYMENT_TARGET = 12.0;
				MTL_ENABLE_DEBUG_INFO = INCLUDE_SOURCE;
				MTL_FAST_MATH = YES;
				ONLY_ACTIVE_ARCH = YES;
				SDKROOT = iphoneos;
				SWIFT_ACTIVE_COMPILATION_CONDITIONS = DEBUG;
				SWIFT_OPTIMIZATION_LEVEL = "-Onone";
			};
			name = Debug;
		};
		211B08D621843592004FB1FF /* Release */ = {
			isa = XCBuildConfiguration;
			buildSettings = {
				ALWAYS_SEARCH_USER_PATHS = NO;
				CLANG_ANALYZER_NONNULL = YES;
				CLANG_ANALYZER_NUMBER_OBJECT_CONVERSION = YES_AGGRESSIVE;
				CLANG_CXX_LANGUAGE_STANDARD = "gnu++14";
				CLANG_CXX_LIBRARY = "libc++";
				CLANG_ENABLE_MODULES = YES;
				CLANG_ENABLE_OBJC_ARC = YES;
				CLANG_ENABLE_OBJC_WEAK = YES;
				CLANG_WARN_BLOCK_CAPTURE_AUTORELEASING = YES;
				CLANG_WARN_BOOL_CONVERSION = YES;
				CLANG_WARN_COMMA = YES;
				CLANG_WARN_CONSTANT_CONVERSION = YES;
				CLANG_WARN_DEPRECATED_OBJC_IMPLEMENTATIONS = YES;
				CLANG_WARN_DIRECT_OBJC_ISA_USAGE = YES_ERROR;
				CLANG_WARN_DOCUMENTATION_COMMENTS = YES;
				CLANG_WARN_EMPTY_BODY = YES;
				CLANG_WARN_ENUM_CONVERSION = YES;
				CLANG_WARN_INFINITE_RECURSION = YES;
				CLANG_WARN_INT_CONVERSION = YES;
				CLANG_WARN_NON_LITERAL_NULL_CONVERSION = YES;
				CLANG_WARN_OBJC_IMPLICIT_RETAIN_SELF = YES;
				CLANG_WARN_OBJC_LITERAL_CONVERSION = YES;
				CLANG_WARN_OBJC_ROOT_CLASS = YES_ERROR;
				CLANG_WARN_RANGE_LOOP_ANALYSIS = YES;
				CLANG_WARN_STRICT_PROTOTYPES = YES;
				CLANG_WARN_SUSPICIOUS_MOVE = YES;
				CLANG_WARN_UNGUARDED_AVAILABILITY = YES_AGGRESSIVE;
				CLANG_WARN_UNREACHABLE_CODE = YES;
				CLANG_WARN__DUPLICATE_METHOD_MATCH = YES;
				CODE_SIGN_IDENTITY = "iPhone Developer";
				COPY_PHASE_STRIP = NO;
				DEBUG_INFORMATION_FORMAT = "dwarf-with-dsym";
				ENABLE_NS_ASSERTIONS = NO;
				ENABLE_STRICT_OBJC_MSGSEND = YES;
				GCC_C_LANGUAGE_STANDARD = gnu11;
				GCC_NO_COMMON_BLOCKS = YES;
				GCC_WARN_64_TO_32_BIT_CONVERSION = YES;
				GCC_WARN_ABOUT_RETURN_TYPE = YES_ERROR;
				GCC_WARN_UNDECLARED_SELECTOR = YES;
				GCC_WARN_UNINITIALIZED_AUTOS = YES_AGGRESSIVE;
				GCC_WARN_UNUSED_FUNCTION = YES;
				GCC_WARN_UNUSED_VARIABLE = YES;
				IPHONEOS_DEPLOYMENT_TARGET = 12.0;
				MTL_ENABLE_DEBUG_INFO = NO;
				MTL_FAST_MATH = YES;
				SDKROOT = iphoneos;
				SWIFT_COMPILATION_MODE = wholemodule;
				SWIFT_OPTIMIZATION_LEVEL = "-O";
				VALIDATE_PRODUCT = YES;
			};
			name = Release;
		};
		211B08D821843592004FB1FF /* Debug */ = {
			isa = XCBuildConfiguration;
			baseConfigurationReference = FF1B76E6FFFEBC1D4552EE3A /* Pods-blue-bucks-diner.debug.xcconfig */;
			buildSettings = {
				ASSETCATALOG_COMPILER_APPICON_NAME = AppIcon;
				CODE_SIGN_STYLE = Automatic;
				DEVELOPMENT_TEAM = TGUV47EGUU;
				INFOPLIST_FILE = "blue-bucks-diner/Info.plist";
				LD_RUNPATH_SEARCH_PATHS = (
					"$(inherited)",
					"@executable_path/Frameworks",
				);
				PRODUCT_BUNDLE_IDENTIFIER = "iriversland.blue-bucks-diner";
				PRODUCT_NAME = "$(TARGET_NAME)";
				SWIFT_VERSION = 4.2;
				TARGETED_DEVICE_FAMILY = "1,2";
			};
			name = Debug;
		};
		211B08D921843592004FB1FF /* Release */ = {
			isa = XCBuildConfiguration;
			baseConfigurationReference = 2F9C9C867C41288B92299137 /* Pods-blue-bucks-diner.release.xcconfig */;
			buildSettings = {
				ASSETCATALOG_COMPILER_APPICON_NAME = AppIcon;
				CODE_SIGN_STYLE = Automatic;
				DEVELOPMENT_TEAM = TGUV47EGUU;
				INFOPLIST_FILE = "blue-bucks-diner/Info.plist";
				LD_RUNPATH_SEARCH_PATHS = (
					"$(inherited)",
					"@executable_path/Frameworks",
				);
				PRODUCT_BUNDLE_IDENTIFIER = "iriversland.blue-bucks-diner";
				PRODUCT_NAME = "$(TARGET_NAME)";
				SWIFT_VERSION = 4.2;
				TARGETED_DEVICE_FAMILY = "1,2";
			};
			name = Release;
		};
/* End XCBuildConfiguration section */

/* Begin XCConfigurationList section */
		211B08C021843591004FB1FF /* Build configuration list for PBXProject "blue-bucks-diner" */ = {
			isa = XCConfigurationList;
			buildConfigurations = (
				211B08D521843592004FB1FF /* Debug */,
				211B08D621843592004FB1FF /* Release */,
			);
			defaultConfigurationIsVisible = 0;
			defaultConfigurationName = Release;
		};
		211B08D721843592004FB1FF /* Build configuration list for PBXNativeTarget "blue-bucks-diner" */ = {
			isa = XCConfigurationList;
			buildConfigurations = (
				211B08D821843592004FB1FF /* Debug */,
				211B08D921843592004FB1FF /* Release */,
			);
			defaultConfigurationIsVisible = 0;
			defaultConfigurationName = Release;
		};
/* End XCConfigurationList section */
	};
	rootObject = 211B08BD21843591004FB1FF /* Project object */;
}
